
Microsoft Visual Studio Solution File, Format Version 12.00
# Visual Studio Version 17
VisualStudioVersion = 17.14.37411.7 d17.14
MinimumVisualStudioVersion = 10.0.40219.1
Project("{FAE04EC0-301F-11D3-BF4B-00C04F79EFBC}") = "MangaUnhost", "MangaUnhost\MangaUnhost.csproj", "{76F36A49-2397-47A6-B64D-A2493FF41BFE}"
EndProject
Global
	GlobalSection(SolutionConfigurationPlatforms) = preSolution
		Debug|Any CPU = Debug|Any CPU
		Debug|x64 = Debug|x64
		Release|Any CPU = Release|Any CPU
		Release|x64 = Release|x64
	EndGlobalSection
	GlobalSection(ProjectConfigurationPlatforms) = postSolution
		{76F36A49-2397-47A6-B64D-A2493FF41BFE}.Debug|Any CPU.ActiveCfg = Debug|x64
		{76F36A49-2397-47A6-B64D-A2493FF41BFE}.Debug|Any CPU.Build.0 = Debug|x64
		{76F36A49-2397-47A6-B64D-A2493FF41BFE}.Debug|x64.ActiveCfg = Debug|x64
		{76F36A49-2397-47A6-B64D-A2493FF41BFE}.Debug|x64.Build.0 = Debug|x64
		{76F36A49-2397-47A6-B64D-A2493FF41BFE}.Release|Any CPU.ActiveCfg = Release|Any CPU
		{76F36A49-2397-47A6-B64D-A2493FF41BFE}.Release|Any CPU.Build.0 = Release|Any CPU
		{76F36A49-2397-47A6-B64D-A2493FF41BFE}.Release|x64.ActiveCfg = Release|x64
		{76F36A49-2397-47A6-B64D-A2493FF41BFE}.Release|x64.Build.0 = Release|x64
	EndGlobalSection
	GlobalSection(SolutionProperties) = preSolution
		HideSolutionNode = FALSE
	EndGlobalSection
	GlobalSection(ExtensibilityGlobals) = postSolution
		SolutionGuid = {593A1494-2085-4B37-B78B-14BBD83E9DD5}
	EndGlobalSection
EndGlobal
